// !$*UTF8*$!
{
	archiveVersion = 1;
	classes = {
	};
	objectVersion = 56;
	objects = {

/* Begin PBXBuildFile section */
		FB0635472BCC5156006A0164 /* Models.swift in Sources */ = {isa = PBXBuildFile; fileRef = FB0635462BCC5156006A0164 /* Models.swift */; };
		FB0635492BCC5B36006A0164 /* NewCardViewController.swift in Sources */ = {isa = PBXBuildFile; fileRef = FB0635482BCC5B36006A0164 /* NewCardViewController.swift */; };
		FB3EBA102BCC0600005F4965 /* MainPageViewController.swift in Sources */ = {isa = PBXBuildFile; fileRef = FB3EBA0F2BCC0600005F4965 /* MainPageViewController.swift */; };
		FB3EBA142BCC1611005F4965 /* NewCardViewCell.swift in Sources */ = {isa = PBXBuildFile; fileRef = FB3EBA132BCC1611005F4965 /* NewCardViewCell.swift */; };
		FBC04C962BCBEDDB00150FF3 /* AppDelegate.swift in Sources */ = {isa = PBXBuildFile; fileRef = FBC04C952BCBEDDB00150FF3 /* AppDelegate.swift */; };
		FBC04C982BCBEDDB00150FF3 /* SceneDelegate.swift in Sources */ = {isa = PBXBuildFile; fileRef = FBC04C972BCBEDDB00150FF3 /* SceneDelegate.swift */; };
		FBC04C9A2BCBEDDB00150FF3 /* OnBoardingViewController.swift in Sources */ = {isa = PBXBuildFile; fileRef = FBC04C992BCBEDDB00150FF3 /* OnBoardingViewController.swift */; };
		FBC04C9F2BCBEDDD00150FF3 /* Assets.xcassets in Resources */ = {isa = PBXBuildFile; fileRef = FBC04C9E2BCBEDDD00150FF3 /* Assets.xcassets */; };
		FBC04CA22BCBEDDD00150FF3 /* Base in Resources */ = {isa = PBXBuildFile; fileRef = FBC04CA12BCBEDDD00150FF3 /* Base */; };
		FBEB5C772BCD888100C8AA18 /* FiraGO-LightItalic.ttf in Resources */ = {isa = PBXBuildFile; fileRef = FBEB5C692BCD888100C8AA18 /* FiraGO-LightItalic.ttf */; };
		FBEB5C782BCD888100C8AA18 /* FiraGO-HairItalic.ttf in Resources */ = {isa = PBXBuildFile; fileRef = FBEB5C6A2BCD888100C8AA18 /* FiraGO-HairItalic.ttf */; };
		FBEB5C792BCD888100C8AA18 /* FiraGO-MediumItalic.ttf in Resources */ = {isa = PBXBuildFile; fileRef = FBEB5C6B2BCD888100C8AA18 /* FiraGO-MediumItalic.ttf */; };
		FBEB5C7A2BCD888100C8AA18 /* FiraGO-ThinItalic.ttf in Resources */ = {isa = PBXBuildFile; fileRef = FBEB5C6C2BCD888100C8AA18 /* FiraGO-ThinItalic.ttf */; };
		FBEB5C7B2BCD888100C8AA18 /* FiraGO-HeavyItalic.ttf in Resources */ = {isa = PBXBuildFile; fileRef = FBEB5C6D2BCD888100C8AA18 /* FiraGO-HeavyItalic.ttf */; };
		FBEB5C7C2BCD888100C8AA18 /* FiraGO-BoldItalic.ttf in Resources */ = {isa = PBXBuildFile; fileRef = FBEB5C6E2BCD888100C8AA18 /* FiraGO-BoldItalic.ttf */; };
		FBEB5C7D2BCD888100C8AA18 /* FiraGO-BookItalic.ttf in Resources */ = {isa = PBXBuildFile; fileRef = FBEB5C6F2BCD888100C8AA18 /* FiraGO-BookItalic.ttf */; };
		FBEB5C7E2BCD888100C8AA18 /* FiraGO-ExtraBoldItalic.ttf in Resources */ = {isa = PBXBuildFile; fileRef = FBEB5C702BCD888100C8AA18 /* FiraGO-ExtraBoldItalic.ttf */; };
		FBEB5C7F2BCD888100C8AA18 /* FiraGO-EightItalic.ttf in Resources */ = {isa = PBXBuildFile; fileRef = FBEB5C712BCD888100C8AA18 /* FiraGO-EightItalic.ttf */; };
		FBEB5C802BCD888100C8AA18 /* FiraGO-FourItalic.ttf in Resources */ = {isa = PBXBuildFile; fileRef = FBEB5C722BCD888100C8AA18 /* FiraGO-FourItalic.ttf */; };
		FBEB5C812BCD888100C8AA18 /* FiraGO-ExtraLightItalic.ttf in Resources */ = {isa = PBXBuildFile; fileRef = FBEB5C732BCD888100C8AA18 /* FiraGO-ExtraLightItalic.ttf */; };
		FBEB5C822BCD888100C8AA18 /* FiraGO-UltraLightItalic.ttf in Resources */ = {isa = PBXBuildFile; fileRef = FBEB5C742BCD888100C8AA18 /* FiraGO-UltraLightItalic.ttf */; };
		FBEB5C832BCD888100C8AA18 /* FiraGO-SemiBoldItalic.ttf in Resources */ = {isa = PBXBuildFile; fileRef = FBEB5C752BCD888100C8AA18 /* FiraGO-SemiBoldItalic.ttf */; };
		FBEB5C842BCD888100C8AA18 /* FiraGO-TwoItalic.ttf in Resources */ = {isa = PBXBuildFile; fileRef = FBEB5C762BCD888100C8AA18 /* FiraGO-TwoItalic.ttf */; };
/* End PBXBuildFile section */

/* Begin PBXFileReference section */
		FB0635462BCC5156006A0164 /* Models.swift */ = {isa = PBXFileReference; lastKnownFileType = sourcecode.swift; path = Models.swift; sourceTree = "<group>"; };
		FB0635482BCC5B36006A0164 /* NewCardViewController.swift */ = {isa = PBXFileReference; lastKnownFileType = sourcecode.swift; path = NewCardViewController.swift; sourceTree = "<group>"; };
		FB3EBA0F2BCC0600005F4965 /* MainPageViewController.swift */ = {isa = PBXFileReference; lastKnownFileType = sourcecode.swift; path = MainPageViewController.swift; sourceTree = "<group>"; };
		FB3EBA132BCC1611005F4965 /* NewCardViewCell.swift */ = {isa = PBXFileReference; lastKnownFileType = sourcecode.swift; path = NewCardViewCell.swift; sourceTree = "<group>"; };
		FBC04C922BCBEDDB00150FF3 /* Collections.app */ = {isa = PBXFileReference; explicitFileType = wrapper.application; includeInIndex = 0; path = Collections.app; sourceTree = BUILT_PRODUCTS_DIR; };
		FBC04C952BCBEDDB00150FF3 /* AppDelegate.swift */ = {isa = PBXFileReference; lastKnownFileType = sourcecode.swift; path = AppDelegate.swift; sourceTree = "<group>"; };
		FBC04C972BCBEDDB00150FF3 /* SceneDelegate.swift */ = {isa = PBXFileReference; lastKnownFileType = sourcecode.swift; path = SceneDelegate.swift; sourceTree = "<group>"; };
		FBC04C992BCBEDDB00150FF3 /* OnBoardingViewController.swift */ = {isa = PBXFileReference; lastKnownFileType = sourcecode.swift; path = OnBoardingViewController.swift; sourceTree = "<group>"; };
		FBC04C9E2BCBEDDD00150FF3 /* Assets.xcassets */ = {isa = PBXFileReference; lastKnownFileType = folder.assetcatalog; path = Assets.xcassets; sourceTree = "<group>"; };
		FBC04CA12BCBEDDD00150FF3 /* Base */ = {isa = PBXFileReference; lastKnownFileType = file.storyboard; name = Base; path = Base.lproj/LaunchScreen.storyboard; sourceTree = "<group>"; };
		FBC04CA32BCBEDDD00150FF3 /* Info.plist */ = {isa = PBXFileReference; lastKnownFileType = text.plist.xml; path = Info.plist; sourceTree = "<group>"; };
		FBEB5C692BCD888100C8AA18 /* FiraGO-LightItalic.ttf */ = {isa = PBXFileReference; lastKnownFileType = file; path = "FiraGO-LightItalic.ttf"; sourceTree = "<group>"; };
		FBEB5C6A2BCD888100C8AA18 /* FiraGO-HairItalic.ttf */ = {isa = PBXFileReference; lastKnownFileType = file; path = "FiraGO-HairItalic.ttf"; sourceTree = "<group>"; };
		FBEB5C6B2BCD888100C8AA18 /* FiraGO-MediumItalic.ttf */ = {isa = PBXFileReference; lastKnownFileType = file; path = "FiraGO-MediumItalic.ttf"; sourceTree = "<group>"; };
		FBEB5C6C2BCD888100C8AA18 /* FiraGO-ThinItalic.ttf */ = {isa = PBXFileReference; lastKnownFileType = file; path = "FiraGO-ThinItalic.ttf"; sourceTree = "<group>"; };
		FBEB5C6D2BCD888100C8AA18 /* FiraGO-HeavyItalic.ttf */ = {isa = PBXFileReference; lastKnownFileType = file; path = "FiraGO-HeavyItalic.ttf"; sourceTree = "<group>"; };
		FBEB5C6E2BCD888100C8AA18 /* FiraGO-BoldItalic.ttf */ = {isa = PBXFileReference; lastKnownFileType = file; path = "FiraGO-BoldItalic.ttf"; sourceTree = "<group>"; };
		FBEB5C6F2BCD888100C8AA18 /* FiraGO-BookItalic.ttf */ = {isa = PBXFileReference; lastKnownFileType = file; path = "FiraGO-BookItalic.ttf"; sourceTree = "<group>"; };
		FBEB5C702BCD888100C8AA18 /* FiraGO-ExtraBoldItalic.ttf */ = {isa = PBXFileReference; lastKnownFileType = file; path = "FiraGO-ExtraBoldItalic.ttf"; sourceTree = "<group>"; };
		FBEB5C712BCD888100C8AA18 /* FiraGO-EightItalic.ttf */ = {isa = PBXFileReference; lastKnownFileType = file; path = "FiraGO-EightItalic.ttf"; sourceTree = "<group>"; };
		FBEB5C722BCD888100C8AA18 /* FiraGO-FourItalic.ttf */ = {isa = PBXFileReference; lastKnownFileType = file; path = "FiraGO-FourItalic.ttf"; sourceTree = "<group>"; };
		FBEB5C732BCD888100C8AA18 /* FiraGO-ExtraLightItalic.ttf */ = {isa = PBXFileReference; lastKnownFileType = file; path = "FiraGO-ExtraLightItalic.ttf"; sourceTree = "<group>"; };
		FBEB5C742BCD888100C8AA18 /* FiraGO-UltraLightItalic.ttf */ = {isa = PBXFileReference; lastKnownFileType = file; path = "FiraGO-UltraLightItalic.ttf"; sourceTree = "<group>"; };
		FBEB5C752BCD888100C8AA18 /* FiraGO-SemiBoldItalic.ttf */ = {isa = PBXFileReference; lastKnownFileType = file; path = "FiraGO-SemiBoldItalic.ttf"; sourceTree = "<group>"; };
		FBEB5C762BCD888100C8AA18 /* FiraGO-TwoItalic.ttf */ = {isa = PBXFileReference; lastKnownFileType = file; path = "FiraGO-TwoItalic.ttf"; sourceTree = "<group>"; };
/* End PBXFileReference section */

/* Begin PBXFrameworksBuildPhase section */
		FBC04C8F2BCBEDDB00150FF3 /* Frameworks */ = {
			isa = PBXFrameworksBuildPhase;
			buildActionMask = 2147483647;
			files = (
			);
			runOnlyForDeploymentPostprocessing = 0;
		};
/* End PBXFrameworksBuildPhase section */

/* Begin PBXGroup section */
		FBC04C892BCBEDDB00150FF3 = {
			isa = PBXGroup;
			children = (
				FBC04C942BCBEDDB00150FF3 /* Collections */,
				FBC04C932BCBEDDB00150FF3 /* Products */,
			);
			sourceTree = "<group>";
		};
		FBC04C932BCBEDDB00150FF3 /* Products */ = {
			isa = PBXGroup;
			children = (
				FBC04C922BCBEDDB00150FF3 /* Collections.app */,
			);
			name = Products;
			sourceTree = "<group>";
		};
		FBC04C942BCBEDDB00150FF3 /* Collections */ = {
			isa = PBXGroup;
			children = (
				FBEB5C662BCD874C00C8AA18 /* Font */,
				FBC04C952BCBEDDB00150FF3 /* AppDelegate.swift */,
				FBC04C972BCBEDDB00150FF3 /* SceneDelegate.swift */,
				FBC04C992BCBEDDB00150FF3 /* OnBoardingViewController.swift */,
				FB3EBA0F2BCC0600005F4965 /* MainPageViewController.swift */,
				FB0635482BCC5B36006A0164 /* NewCardViewController.swift */,
				FB3EBA132BCC1611005F4965 /* NewCardViewCell.swift */,
				FB0635462BCC5156006A0164 /* Models.swift */,
				FBC04C9E2BCBEDDD00150FF3 /* Assets.xcassets */,
				FBC04CA02BCBEDDD00150FF3 /* LaunchScreen.storyboard */,
				FBC04CA32BCBEDDD00150FF3 /* Info.plist */,
			);
			path = Collections;
			sourceTree = "<group>";
		};
		FBEB5C662BCD874C00C8AA18 /* Font */ = {
			isa = PBXGroup;
			children = (
				FBEB5C6E2BCD888100C8AA18 /* FiraGO-BoldItalic.ttf */,
				FBEB5C6F2BCD888100C8AA18 /* FiraGO-BookItalic.ttf */,
				FBEB5C712BCD888100C8AA18 /* FiraGO-EightItalic.ttf */,
				FBEB5C702BCD888100C8AA18 /* FiraGO-ExtraBoldItalic.ttf */,
				FBEB5C732BCD888100C8AA18 /* FiraGO-ExtraLightItalic.ttf */,
				FBEB5C722BCD888100C8AA18 /* FiraGO-FourItalic.ttf */,
				FBEB5C6A2BCD888100C8AA18 /* FiraGO-HairItalic.ttf */,
				FBEB5C6D2BCD888100C8AA18 /* FiraGO-HeavyItalic.ttf */,
				FBEB5C692BCD888100C8AA18 /* FiraGO-LightItalic.ttf */,
				FBEB5C6B2BCD888100C8AA18 /* FiraGO-MediumItalic.ttf */,
				FBEB5C752BCD888100C8AA18 /* FiraGO-SemiBoldItalic.ttf */,
				FBEB5C6C2BCD888100C8AA18 /* FiraGO-ThinItalic.ttf */,
				FBEB5C762BCD888100C8AA18 /* FiraGO-TwoItalic.ttf */,
				FBEB5C742BCD888100C8AA18 /* FiraGO-UltraLightItalic.ttf */,
			);
			path = Font;
			sourceTree = "<group>";
		};
/* End PBXGroup section */

/* Begin PBXNativeTarget section */
		FBC04C912BCBEDDB00150FF3 /* Collections */ = {
			isa = PBXNativeTarget;
			buildConfigurationList = FBC04CA62BCBEDDD00150FF3 /* Build configuration list for PBXNativeTarget "Collections" */;
			buildPhases = (
				FBC04C8E2BCBEDDB00150FF3 /* Sources */,
				FBC04C8F2BCBEDDB00150FF3 /* Frameworks */,
				FBC04C902BCBEDDB00150FF3 /* Resources */,
			);
			buildRules = (
			);
			dependencies = (
			);
			name = Collections;
			productName = Collections;
			productReference = FBC04C922BCBEDDB00150FF3 /* Collections.app */;
			productType = "com.apple.product-type.application";
		};
/* End PBXNativeTarget section */

/* Begin PBXProject section */
		FBC04C8A2BCBEDDB00150FF3 /* Project object */ = {
			isa = PBXProject;
			attributes = {
				BuildIndependentTargetsInParallel = 1;
				LastSwiftUpdateCheck = 1530;
				LastUpgradeCheck = 1530;
				TargetAttributes = {
					FBC04C912BCBEDDB00150FF3 = {
						CreatedOnToolsVersion = 15.3;
					};
				};
			};
			buildConfigurationList = FBC04C8D2BCBEDDB00150FF3 /* Build configuration list for PBXProject "Collections" */;
			compatibilityVersion = "Xcode 14.0";
			developmentRegion = en;
			hasScannedForEncodings = 0;
			knownRegions = (
				en,
				Base,
			);
			mainGroup = FBC04C892BCBEDDB00150FF3;
			productRefGroup = FBC04C932BCBEDDB00150FF3 /* Products */;
			projectDirPath = "";
			projectRoot = "";
			targets = (
				FBC04C912BCBEDDB00150FF3 /* Collections */,
			);
		};
/* End PBXProject section */

/* Begin PBXResourcesBuildPhase section */
		FBC04C902BCBEDDB00150FF3 /* Resources */ = {
			isa = PBXResourcesBuildPhase;
			buildActionMask = 2147483647;
			files = (
				FBEB5C782BCD888100C8AA18 /* FiraGO-HairItalic.ttf in Resources */,
				FBC04C9F2BCBEDDD00150FF3 /* Assets.xcassets in Resources */,
				FBEB5C832BCD888100C8AA18 /* FiraGO-SemiBoldItalic.ttf in Resources */,
				FBEB5C7B2BCD888100C8AA18 /* FiraGO-HeavyItalic.ttf in Resources */,
				FBEB5C7D2BCD888100C8AA18 /* FiraGO-BookItalic.ttf in Resources */,
				FBEB5C842BCD888100C8AA18 /* FiraGO-TwoItalic.ttf in Resources */,
				FBEB5C822BCD888100C8AA18 /* FiraGO-UltraLightItalic.ttf in Resources */,
				FBEB5C802BCD888100C8AA18 /* FiraGO-FourItalic.ttf in Resources */,
				FBEB5C772BCD888100C8AA18 /* FiraGO-LightItalic.ttf in Resources */,
				FBEB5C792BCD888100C8AA18 /* FiraGO-MediumItalic.ttf in Resources */,
				FBEB5C7C2BCD888100C8AA18 /* FiraGO-BoldItalic.ttf in Resources */,
				FBC04CA22BCBEDDD00150FF3 /* Base in Resources */,
				FBEB5C7E2BCD888100C8AA18 /* FiraGO-ExtraBoldItalic.ttf in Resources */,
				FBEB5C812BCD888100C8AA18 /* FiraGO-ExtraLightItalic.ttf in Resources */,
				FBEB5C7A2BCD888100C8AA18 /* FiraGO-ThinItalic.ttf in Resources */,
				FBEB5C7F2BCD888100C8AA18 /* FiraGO-EightItalic.ttf in Resources */,
			);
			runOnlyForDeploymentPostprocessing = 0;
		};
/* End PBXResourcesBuildPhase section */

/* Begin PBXSourcesBuildPhase section */
		FBC04C8E2BCBEDDB00150FF3 /* Sources */ = {
			isa = PBXSourcesBuildPhase;
			buildActionMask = 2147483647;
			files = (
				FB3EBA102BCC0600005F4965 /* MainPageViewController.swift in Sources */,
				FB0635472BCC5156006A0164 /* Models.swift in Sources */,
				FB0635492BCC5B36006A0164 /* NewCardViewController.swift in Sources */,
				FBC04C9A2BCBEDDB00150FF3 /* OnBoardingViewController.swift in Sources */,
				FBC04C962BCBEDDB00150FF3 /* AppDelegate.swift in Sources */,
				FB3EBA142BCC1611005F4965 /* NewCardViewCell.swift in Sources */,
				FBC04C982BCBEDDB00150FF3 /* SceneDelegate.swift in Sources */,
			);
			runOnlyForDeploymentPostprocessing = 0;
		};
/* End PBXSourcesBuildPhase section */

/* Begin PBXVariantGroup section */
		FBC04CA02BCBEDDD00150FF3 /* LaunchScreen.storyboard */ = {
			isa = PBXVariantGroup;
			children = (
				FBC04CA12BCBEDDD00150FF3 /* Base */,
			);
			name = LaunchScreen.storyboard;
			sourceTree = "<group>";
		};
/* End PBXVariantGroup section */

/* Begin XCBuildConfiguration section */
		FBC04CA42BCBEDDD00150FF3 /* Debug */ = {
			isa = XCBuildConfiguration;
			buildSettings = {
				ALWAYS_SEARCH_USER_PATHS = NO;
				ASSETCATALOG_COMPILER_GENERATE_SWIFT_ASSET_SYMBOL_EXTENSIONS = YES;
				CLANG_ANALYZER_NONNULL = YES;
				CLANG_ANALYZER_NUMBER_OBJECT_CONVERSION = YES_AGGRESSIVE;
				CLANG_CXX_LANGUAGE_STANDARD = "gnu++20";
				CLANG_ENABLE_MODULES = YES;
				CLANG_ENABLE_OBJC_ARC = YES;
				CLANG_ENABLE_OBJC_WEAK = YES;
				CLANG_WARN_BLOCK_CAPTURE_AUTORELEASING = YES;
				CLANG_WARN_BOOL_CONVERSION = YES;
				CLANG_WARN_COMMA = YES;
				CLANG_WARN_CONSTANT_CONVERSION = YES;
				CLANG_WARN_DEPRECATED_OBJC_IMPLEMENTATIONS = YES;
				CLANG_WARN_DIRECT_OBJC_ISA_USAGE = YES_ERROR;
				CLANG_WARN_DOCUMENTATION_COMMENTS = YES;
				CLANG_WARN_EMPTY_BODY = YES;
				CLANG_WARN_ENUM_CONVERSION = YES;
				CLANG_WARN_INFINITE_RECURSION = YES;
				CLANG_WARN_INT_CONVERSION = YES;
				CLANG_WARN_NON_LITERAL_NULL_CONVERSION = YES;
				CLANG_WARN_OBJC_IMPLICIT_RETAIN_SELF = YES;
				CLANG_WARN_OBJC_LITERAL_CONVERSION = YES;
				CLANG_WARN_OBJC_ROOT_CLASS = YES_ERROR;
				CLANG_WARN_QUOTED_INCLUDE_IN_FRAMEWORK_HEADER = YES;
				CLANG_WARN_RANGE_LOOP_ANALYSIS = YES;
				CLANG_WARN_STRICT_PROTOTYPES = YES;
				CLANG_WARN_SUSPICIOUS_MOVE = YES;
				CLANG_WARN_UNGUARDED_AVAILABILITY = YES_AGGRESSIVE;
				CLANG_WARN_UNREACHABLE_CODE = YES;
				CLANG_WARN__DUPLICATE_METHOD_MATCH = YES;
				COPY_PHASE_STRIP = NO;
				DEBUG_INFORMATION_FORMAT = dwarf;
				ENABLE_STRICT_OBJC_MSGSEND = YES;
				ENABLE_TESTABILITY = YES;
				ENABLE_USER_SCRIPT_SANDBOXING = YES;
				GCC_C_LANGUAGE_STANDARD = gnu17;
				GCC_DYNAMIC_NO_PIC = NO;
				GCC_NO_COMMON_BLOCKS = YES;
				GCC_OPTIMIZATION_LEVEL = 0;
				GCC_PREPROCESSOR_DEFINITIONS = (
					"DEBUG=1",
					"$(inherited)",
				);
				GCC_WARN_64_TO_32_BIT_CONVERSION = YES;
				GCC_WARN_ABOUT_RETURN_TYPE = YES_ERROR;
				GCC_WARN_UNDECLARED_SELECTOR = YES;
				GCC_WARN_UNINITIALIZED_AUTOS = YES_AGGRESSIVE;
				GCC_WARN_UNUSED_FUNCTION = YES;
				GCC_WARN_UNUSED_VARIABLE = YES;
				IPHONEOS_DEPLOYMENT_TARGET = 17.4;
				LOCALIZATION_PREFERS_STRING_CATALOGS = YES;
				MTL_ENABLE_DEBUG_INFO = INCLUDE_SOURCE;
				MTL_FAST_MATH = YES;
				ONLY_ACTIVE_ARCH = YES;
				SDKROOT = iphoneos;
				SWIFT_ACTIVE_COMPILATION_CONDITIONS = "DEBUG $(inherited)";
				SWIFT_OPTIMIZATION_LEVEL = "-Onone";
			};
			name = Debug;
		};
		FBC04CA52BCBEDDD00150FF3 /* Release */ = {
			isa = XCBuildConfiguration;
			buildSettings = {
				ALWAYS_SEARCH_USER_PATHS = NO;
				ASSETCATALOG_COMPILER_GENERATE_SWIFT_ASSET_SYMBOL_EXTENSIONS = YES;
				CLANG_ANALYZER_NONNULL = YES;
				CLANG_ANALYZER_NUMBER_OBJECT_CONVERSION = YES_AGGRESSIVE;
				CLANG_CXX_LANGUAGE_STANDARD = "gnu++20";
				CLANG_ENABLE_MODULES = YES;
				CLANG_ENABLE_OBJC_ARC = YES;
				CLANG_ENABLE_OBJC_WEAK = YES;
				CLANG_WARN_BLOCK_CAPTURE_AUTORELEASING = YES;
				CLANG_WARN_BOOL_CONVERSION = YES;
				CLANG_WARN_COMMA = YES;
				CLANG_WARN_CONSTANT_CONVERSION = YES;
				CLANG_WARN_DEPRECATED_OBJC_IMPLEMENTATIONS = YES;
				CLANG_WARN_DIRECT_OBJC_ISA_USAGE = YES_ERROR;
				CLANG_WARN_DOCUMENTATION_COMMENTS = YES;
				CLANG_WARN_EMPTY_BODY = YES;
				CLANG_WARN_ENUM_CONVERSION = YES;
				CLANG_WARN_INFINITE_RECURSION = YES;
				CLANG_WARN_INT_CONVERSION = YES;
				CLANG_WARN_NON_LITERAL_NULL_CONVERSION = YES;
				CLANG_WARN_OBJC_IMPLICIT_RETAIN_SELF = YES;
				CLANG_WARN_OBJC_LITERAL_CONVERSION = YES;
				CLANG_WARN_OBJC_ROOT_CLASS = YES_ERROR;
				CLANG_WARN_QUOTED_INCLUDE_IN_FRAMEWORK_HEADER = YES;
				CLANG_WARN_RANGE_LOOP_ANALYSIS = YES;
				CLANG_WARN_STRICT_PROTOTYPES = YES;
				CLANG_WARN_SUSPICIOUS_MOVE = YES;
				CLANG_WARN_UNGUARDED_AVAILABILITY = YES_AGGRESSIVE;
				CLANG_WARN_UNREACHABLE_CODE = YES;
				CLANG_WARN__DUPLICATE_METHOD_MATCH = YES;
				COPY_PHASE_STRIP = NO;
				DEBUG_INFORMATION_FORMAT = "dwarf-with-dsym";
				ENABLE_NS_ASSERTIONS = NO;
				ENABLE_STRICT_OBJC_MSGSEND = YES;
				ENABLE_USER_SCRIPT_SANDBOXING = YES;
				GCC_C_LANGUAGE_STANDARD = gnu17;
				GCC_NO_COMMON_BLOCKS = YES;
				GCC_WARN_64_TO_32_BIT_CONVERSION = YES;
				GCC_WARN_ABOUT_RETURN_TYPE = YES_ERROR;
				GCC_WARN_UNDECLARED_SELECTOR = YES;
				GCC_WARN_UNINITIALIZED_AUTOS = YES_AGGRESSIVE;
				GCC_WARN_UNUSED_FUNCTION = YES;
				GCC_WARN_UNUSED_VARIABLE = YES;
				IPHONEOS_DEPLOYMENT_TARGET = 17.4;
				LOCALIZATION_PREFERS_STRING_CATALOGS = YES;
				MTL_ENABLE_DEBUG_INFO = NO;
				MTL_FAST_MATH = YES;
				SDKROOT = iphoneos;
				SWIFT_COMPILATION_MODE = wholemodule;
				VALIDATE_PRODUCT = YES;
			};
			name = Release;
		};
		FBC04CA72BCBEDDD00150FF3 /* Debug */ = {
			isa = XCBuildConfiguration;
			buildSettings = {
				ASSETCATALOG_COMPILER_APPICON_NAME = AppIcon;
				ASSETCATALOG_COMPILER_GLOBAL_ACCENT_COLOR_NAME = AccentColor;
				CODE_SIGN_STYLE = Automatic;
				CURRENT_PROJECT_VERSION = 1;
				GENERATE_INFOPLIST_FILE = YES;
				INFOPLIST_FILE = Collections/Info.plist;
				INFOPLIST_KEY_UIApplicationSupportsIndirectInputEvents = YES;
				INFOPLIST_KEY_UILaunchStoryboardName = LaunchScreen;
				INFOPLIST_KEY_UISupportedInterfaceOrientations_iPad = "UIInterfaceOrientationPortrait UIInterfaceOrientationPortraitUpsideDown UIInterfaceOrientationLandscapeLeft UIInterfaceOrientationLandscapeRight";
				INFOPLIST_KEY_UISupportedInterfaceOrientations_iPhone = "UIInterfaceOrientationPortrait UIInterfaceOrientationLandscapeLeft UIInterfaceOrientationLandscapeRight";
				LD_RUNPATH_SEARCH_PATHS = (
					"$(inherited)",
					"@executable_path/Frameworks",
				);
				MARKETING_VERSION = 1.0;
				PRODUCT_BUNDLE_IDENTIFIER = TBC.Collections;
				PRODUCT_NAME = "$(TARGET_NAME)";
				SWIFT_EMIT_LOC_STRINGS = YES;
				SWIFT_VERSION = 5.0;
				TARGETED_DEVICE_FAMILY = "1,2";
			};
			name = Debug;
		};
		FBC04CA82BCBEDDD00150FF3 /* Release */ = {
			isa = XCBuildConfiguration;
			buildSettings = {
				ASSETCATALOG_COMPILER_APPICON_NAME = AppIcon;
				ASSETCATALOG_COMPILER_GLOBAL_ACCENT_COLOR_NAME = AccentColor;
				CODE_SIGN_STYLE = Automatic;
				CURRENT_PROJECT_VERSION = 1;
				GENERATE_INFOPLIST_FILE = YES;
				INFOPLIST_FILE = Collections/Info.plist;
				INFOPLIST_KEY_UIApplicationSupportsIndirectInputEvents = YES;
				INFOPLIST_KEY_UILaunchStoryboardName = LaunchScreen;
				INFOPLIST_KEY_UISupportedInterfaceOrientations_iPad = "UIInterfaceOrientationPortrait UIInterfaceOrientationPortraitUpsideDown UIInterfaceOrientationLandscapeLeft UIInterfaceOrientationLandscapeRight";
				INFOPLIST_KEY_UISupportedInterfaceOrientations_iPhone = "UIInterfaceOrientationPortrait UIInterfaceOrientationLandscapeLeft UIInterfaceOrientationLandscapeRight";
				LD_RUNPATH_SEARCH_PATHS = (
					"$(inherited)",
					"@executable_path/Frameworks",
				);
				MARKETING_VERSION = 1.0;
				PRODUCT_BUNDLE_IDENTIFIER = TBC.Collections;
				PRODUCT_NAME = "$(TARGET_NAME)";
				SWIFT_EMIT_LOC_STRINGS = YES;
				SWIFT_VERSION = 5.0;
				TARGETED_DEVICE_FAMILY = "1,2";
			};
			name = Release;
		};
/* End XCBuildConfiguration section */

/* Begin XCConfigurationList section */
		FBC04C8D2BCBEDDB00150FF3 /* Build configuration list for PBXProject "Collections" */ = {
			isa = XCConfigurationList;
			buildConfigurations = (
				FBC04CA42BCBEDDD00150FF3 /* Debug */,
				FBC04CA52BCBEDDD00150FF3 /* Release */,
			);
			defaultConfigurationIsVisible = 0;
			defaultConfigurationName = Release;
		};
		FBC04CA62BCBEDDD00150FF3 /* Build configuration list for PBXNativeTarget "Collections" */ = {
			isa = XCConfigurationList;
			buildConfigurations = (
				FBC04CA72BCBEDDD00150FF3 /* Debug */,
				FBC04CA82BCBEDDD00150FF3 /* Release */,
			);
			defaultConfigurationIsVisible = 0;
			defaultConfigurationName = Release;
		};
/* End XCConfigurationList section */
	};
	rootObject = FBC04C8A2BCBEDDB00150FF3 /* Project object */;
}
